
Microsoft Visual Studio Solution File, Format Version 12.00
# Visual Studio Version 17
VisualStudioVersion = 17.10.35122.118
MinimumVisualStudioVersion = 10.0.40219.1
Project("{FAE04EC0-301F-11D3-BF4B-00C04F79EFBC}") = "CocktailsApp", "CocktailsApp\CocktailsApp.csproj", "{A0953C03-58B4-4F42-B121-71C253FD920A}"
EndProject
Global
	GlobalSection(SolutionConfigurationPlatforms) = preSolution
		Debug|Any CPU = Debug|Any CPU
		Release|Any CPU = Release|Any CPU
	EndGlobalSection
	GlobalSection(ProjectConfigurationPlatforms) = postSolution
		{A0953C03-58B4-4F42-B121-71C253FD920A}.Debug|Any CPU.ActiveCfg = Debug|Any CPU
		{A0953C03-58B4-4F42-B121-71C253FD920A}.Debug|Any CPU.Build.0 = Debug|Any CPU
		{A0953C03-58B4-4F42-B121-71C253FD920A}.Debug|Any CPU.Deploy.0 = Debug|Any CPU
		{A0953C03-58B4-4F42-B121-71C253FD920A}.Release|Any CPU.ActiveCfg = Release|Any CPU
		{A0953C03-58B4-4F42-B121-71C253FD920A}.Release|Any CPU.Build.0 = Release|Any CPU
		{A0953C03-58B4-4F42-B121-71C253FD920A}.Release|Any CPU.Deploy.0 = Release|Any CPU
	EndGlobalSection
	GlobalSection(SolutionProperties) = preSolution
		HideSolutionNode = FALSE
	EndGlobalSection
	GlobalSection(ExtensibilityGlobals) = postSolution
		SolutionGuid = {B6069385-2017-4605-8C06-8E2C6DA3C4B9}
	EndGlobalSection
EndGlobal
